
Microsoft Visual Studio Solution File, Format Version 12.00
# Visual Studio Version 16
VisualStudioVersion = 16.6.30114.105
MinimumVisualStudioVersion = 10.0.40219.1
Project("{FAE04EC0-301F-11D3-BF4B-00C04F79EFBC}") = "consoleApp", "consoleApp\consoleApp.csproj", "{1416CFFA-A129-49BD-A009-A81149BFD574}"
EndProject
Project("{FAE04EC0-301F-11D3-BF4B-00C04F79EFBC}") = "lib", "lib\lib.csproj", "{DD6C7284-AC6A-4435-B5D3-B3BBC9755DD9}"
EndProject
Global
	GlobalSection(SolutionConfigurationPlatforms) = preSolution
		Debug|Any CPU = Debug|Any CPU
		Debug|x64 = Debug|x64
		Debug|x86 = Debug|x86
		Release|Any CPU = Release|Any CPU
		Release|x64 = Release|x64
		Release|x86 = Release|x86
	EndGlobalSection
	GlobalSection(SolutionProperties) = preSolution
		HideSolutionNode = FALSE
	EndGlobalSection
	GlobalSection(ProjectConfigurationPlatforms) = postSolution
		{1416CFFA-A129-49BD-A009-A81149BFD574}.Debug|Any CPU.ActiveCfg = Debug|Any CPU
		{1416CFFA-A129-49BD-A009-A81149BFD574}.Debug|Any CPU.Build.0 = Debug|Any CPU
		{1416CFFA-A129-49BD-A009-A81149BFD574}.Debug|x64.ActiveCfg = Debug|Any CPU
		{1416CFFA-A129-49BD-A009-A81149BFD574}.Debug|x64.Build.0 = Debug|Any CPU
		{1416CFFA-A129-49BD-A009-A81149BFD574}.Debug|x86.ActiveCfg = Debug|Any CPU
		{1416CFFA-A129-49BD-A009-A81149BFD574}.Debug|x86.Build.0 = Debug|Any CPU
		{1416CFFA-A129-49BD-A009-A81149BFD574}.Release|Any CPU.ActiveCfg = Release|Any CPU
		{1416CFFA-A129-49BD-A009-A81149BFD574}.Release|Any CPU.Build.0 = Release|Any CPU
		{1416CFFA-A129-49BD-A009-A81149BFD574}.Release|x64.ActiveCfg = Release|Any CPU
		{1416CFFA-A129-49BD-A009-A81149BFD574}.Release|x64.Build.0 = Release|Any CPU
		{1416CFFA-A129-49BD-A009-A81149BFD574}.Release|x86.ActiveCfg = Release|Any CPU
		{1416CFFA-A129-49BD-A009-A81149BFD574}.Release|x86.Build.0 = Release|Any CPU
		{DD6C7284-AC6A-4435-B5D3-B3BBC9755DD9}.Debug|Any CPU.ActiveCfg = Debug|Any CPU
		{DD6C7284-AC6A-4435-B5D3-B3BBC9755DD9}.Debug|Any CPU.Build.0 = Debug|Any CPU
		{DD6C7284-AC6A-4435-B5D3-B3BBC9755DD9}.Debug|x64.ActiveCfg = Debug|Any CPU
		{DD6C7284-AC6A-4435-B5D3-B3BBC9755DD9}.Debug|x64.Build.0 = Debug|Any CPU
		{DD6C7284-AC6A-4435-B5D3-B3BBC9755DD9}.Debug|x86.ActiveCfg = Debug|Any CPU
		{DD6C7284-AC6A-4435-B5D3-B3BBC9755DD9}.Debug|x86.Build.0 = Debug|Any CPU
		{DD6C7284-AC6A-4435-B5D3-B3BBC9755DD9}.Release|Any CPU.ActiveCfg = Release|Any CPU
		{DD6C7284-AC6A-4435-B5D3-B3BBC9755DD9}.Release|Any CPU.Build.0 = Release|Any CPU
		{DD6C7284-AC6A-4435-B5D3-B3BBC9755DD9}.Release|x64.ActiveCfg = Release|Any CPU
		{DD6C7284-AC6A-4435-B5D3-B3BBC9755DD9}.Release|x64.Build.0 = Release|Any CPU
		{DD6C7284-AC6A-4435-B5D3-B3BBC9755DD9}.Release|x86.ActiveCfg = Release|Any CPU
		{DD6C7284-AC6A-4435-B5D3-B3BBC9755DD9}.Release|x86.Build.0 = Release|Any CPU
	EndGlobalSection
EndGlobal
