
Microsoft Visual Studio Solution File, Format Version 12.00
# Visual Studio Version 16
VisualStudioVersion = 16.6.30114.105
MinimumVisualStudioVersion = 10.0.40219.1
Project("{FAE04EC0-301F-11D3-BF4B-00C04F79EFBC}") = "consoleApp", "consoleApp\consoleApp.csproj", "{7CA183A1-1B18-464D-9C7D-B891E8E91F72}"
EndProject
Project("{FAE04EC0-301F-11D3-BF4B-00C04F79EFBC}") = "testsLib", "testsLib\testsLib.csproj", "{E21B27B8-DD93-43F7-A713-D82AEB0CD416}"
EndProject
Project("{FAE04EC0-301F-11D3-BF4B-00C04F79EFBC}") = "lib", "lib\lib.csproj", "{7416AB48-9C71-437D-837E-C17BEA068E01}"
EndProject
Global
	GlobalSection(SolutionConfigurationPlatforms) = preSolution
		Debug|Any CPU = Debug|Any CPU
		Debug|x64 = Debug|x64
		Debug|x86 = Debug|x86
		Release|Any CPU = Release|Any CPU
		Release|x64 = Release|x64
		Release|x86 = Release|x86
	EndGlobalSection
	GlobalSection(SolutionProperties) = preSolution
		HideSolutionNode = FALSE
	EndGlobalSection
	GlobalSection(ProjectConfigurationPlatforms) = postSolution
		{7CA183A1-1B18-464D-9C7D-B891E8E91F72}.Debug|Any CPU.ActiveCfg = Debug|Any CPU
		{7CA183A1-1B18-464D-9C7D-B891E8E91F72}.Debug|Any CPU.Build.0 = Debug|Any CPU
		{7CA183A1-1B18-464D-9C7D-B891E8E91F72}.Debug|x64.ActiveCfg = Debug|Any CPU
		{7CA183A1-1B18-464D-9C7D-B891E8E91F72}.Debug|x64.Build.0 = Debug|Any CPU
		{7CA183A1-1B18-464D-9C7D-B891E8E91F72}.Debug|x86.ActiveCfg = Debug|Any CPU
		{7CA183A1-1B18-464D-9C7D-B891E8E91F72}.Debug|x86.Build.0 = Debug|Any CPU
		{7CA183A1-1B18-464D-9C7D-B891E8E91F72}.Release|Any CPU.ActiveCfg = Release|Any CPU
		{7CA183A1-1B18-464D-9C7D-B891E8E91F72}.Release|Any CPU.Build.0 = Release|Any CPU
		{7CA183A1-1B18-464D-9C7D-B891E8E91F72}.Release|x64.ActiveCfg = Release|Any CPU
		{7CA183A1-1B18-464D-9C7D-B891E8E91F72}.Release|x64.Build.0 = Release|Any CPU
		{7CA183A1-1B18-464D-9C7D-B891E8E91F72}.Release|x86.ActiveCfg = Release|Any CPU
		{7CA183A1-1B18-464D-9C7D-B891E8E91F72}.Release|x86.Build.0 = Release|Any CPU
		{E21B27B8-DD93-43F7-A713-D82AEB0CD416}.Debug|Any CPU.ActiveCfg = Debug|Any CPU
		{E21B27B8-DD93-43F7-A713-D82AEB0CD416}.Debug|Any CPU.Build.0 = Debug|Any CPU
		{E21B27B8-DD93-43F7-A713-D82AEB0CD416}.Debug|x64.ActiveCfg = Debug|Any CPU
		{E21B27B8-DD93-43F7-A713-D82AEB0CD416}.Debug|x64.Build.0 = Debug|Any CPU
		{E21B27B8-DD93-43F7-A713-D82AEB0CD416}.Debug|x86.ActiveCfg = Debug|Any CPU
		{E21B27B8-DD93-43F7-A713-D82AEB0CD416}.Debug|x86.Build.0 = Debug|Any CPU
		{E21B27B8-DD93-43F7-A713-D82AEB0CD416}.Release|Any CPU.ActiveCfg = Release|Any CPU
		{E21B27B8-DD93-43F7-A713-D82AEB0CD416}.Release|Any CPU.Build.0 = Release|Any CPU
		{E21B27B8-DD93-43F7-A713-D82AEB0CD416}.Release|x64.ActiveCfg = Release|Any CPU
		{E21B27B8-DD93-43F7-A713-D82AEB0CD416}.Release|x64.Build.0 = Release|Any CPU
		{E21B27B8-DD93-43F7-A713-D82AEB0CD416}.Release|x86.ActiveCfg = Release|Any CPU
		{E21B27B8-DD93-43F7-A713-D82AEB0CD416}.Release|x86.Build.0 = Release|Any CPU
		{7416AB48-9C71-437D-837E-C17BEA068E01}.Debug|Any CPU.ActiveCfg = Debug|Any CPU
		{7416AB48-9C71-437D-837E-C17BEA068E01}.Debug|Any CPU.Build.0 = Debug|Any CPU
		{7416AB48-9C71-437D-837E-C17BEA068E01}.Debug|x64.ActiveCfg = Debug|Any CPU
		{7416AB48-9C71-437D-837E-C17BEA068E01}.Debug|x64.Build.0 = Debug|Any CPU
		{7416AB48-9C71-437D-837E-C17BEA068E01}.Debug|x86.ActiveCfg = Debug|Any CPU
		{7416AB48-9C71-437D-837E-C17BEA068E01}.Debug|x86.Build.0 = Debug|Any CPU
		{7416AB48-9C71-437D-837E-C17BEA068E01}.Release|Any CPU.ActiveCfg = Release|Any CPU
		{7416AB48-9C71-437D-837E-C17BEA068E01}.Release|Any CPU.Build.0 = Release|Any CPU
		{7416AB48-9C71-437D-837E-C17BEA068E01}.Release|x64.ActiveCfg = Release|Any CPU
		{7416AB48-9C71-437D-837E-C17BEA068E01}.Release|x64.Build.0 = Release|Any CPU
		{7416AB48-9C71-437D-837E-C17BEA068E01}.Release|x86.ActiveCfg = Release|Any CPU
		{7416AB48-9C71-437D-837E-C17BEA068E01}.Release|x86.Build.0 = Release|Any CPU
	EndGlobalSection
EndGlobal
